
Microsoft Visual Studio Solution File, Format Version 12.00
# Visual Studio Version 16
VisualStudioVersion = 16.0.32510.428
MinimumVisualStudioVersion = 10.0.40219.1
Project("{FAE04EC0-301F-11D3-BF4B-00C04F79EFBC}") = "WPF_Homework_1", "WPF_Homework_1.csproj", "{44D94753-5A1B-4AB2-8AFE-4044BEB2E6CB}"
EndProject
Global
	GlobalSection(SolutionConfigurationPlatforms) = preSolution
		Debug|Any CPU = Debug|Any CPU
		Release|Any CPU = Release|Any CPU
	EndGlobalSection
	GlobalSection(ProjectConfigurationPlatforms) = postSolution
		{44D94753-5A1B-4AB2-8AFE-4044BEB2E6CB}.Debug|Any CPU.ActiveCfg = Debug|Any CPU
		{44D94753-5A1B-4AB2-8AFE-4044BEB2E6CB}.Debug|Any CPU.Build.0 = Debug|Any CPU
		{44D94753-5A1B-4AB2-8AFE-4044BEB2E6CB}.Release|Any CPU.ActiveCfg = Release|Any CPU
		{44D94753-5A1B-4AB2-8AFE-4044BEB2E6CB}.Release|Any CPU.Build.0 = Release|Any CPU
	EndGlobalSection
	GlobalSection(SolutionProperties) = preSolution
		HideSolutionNode = FALSE
	EndGlobalSection
	GlobalSection(ExtensibilityGlobals) = postSolution
		SolutionGuid = {DFE76761-88AA-4A7B-A5CD-494FF9296308}
	EndGlobalSection
EndGlobal
